// !$*UTF8*$!
{
	archiveVersion = 1;
	classes = {
	};
	objectVersion = 50;
	objects = {

/* Begin PBXBuildFile section */
		1370D69C23BF02FE009038B3 /* main.cpp in Sources */ = {isa = PBXBuildFile; fileRef = 1370D69B23BF02FE009038B3 /* main.cpp */; };
		1370D6A323BF088F009038B3 /* glad.c in Sources */ = {isa = PBXBuildFile; fileRef = 1370D6A223BF088F009038B3 /* glad.c */; };
		1370D6A623BF0DD0009038B3 /* libglfw.3.3.dylib in Frameworks */ = {isa = PBXBuildFile; fileRef = 1370D6A523BF0DD0009038B3 /* libglfw.3.3.dylib */; };
		1391196F23D40DFF00D00550 /* stb_image.cpp in Sources */ = {isa = PBXBuildFile; fileRef = 1391196D23D40DFF00D00550 /* stb_image.cpp */; };
		1399878823F36C72000E836B /* camera.cpp in Sources */ = {isa = PBXBuildFile; fileRef = 1399878723F36C72000E836B /* camera.cpp */; };
		13F7D0EB23CE4FC4007D57F3 /* shader.cpp in Sources */ = {isa = PBXBuildFile; fileRef = 13F7D0EA23CE4FC4007D57F3 /* shader.cpp */; };
/* End PBXBuildFile section */

/* Begin PBXCopyFilesBuildPhase section */
		1370D69623BF02FE009038B3 /* CopyFiles */ = {
			isa = PBXCopyFilesBuildPhase;
			buildActionMask = 2147483647;
			dstPath = /usr/share/man/man1/;
			dstSubfolderSpec = 0;
			files = (
			);
			runOnlyForDeploymentPostprocessing = 1;
		};
/* End PBXCopyFilesBuildPhase section */

/* Begin PBXFileReference section */
		1370D69823BF02FE009038B3 /* hello_window */ = {isa = PBXFileReference; explicitFileType = "compiled.mach-o.executable"; includeInIndex = 0; path = hello_window; sourceTree = BUILT_PRODUCTS_DIR; };
		1370D69B23BF02FE009038B3 /* main.cpp */ = {isa = PBXFileReference; lastKnownFileType = sourcecode.cpp.cpp; path = main.cpp; sourceTree = "<group>"; };
		1370D6A223BF088F009038B3 /* glad.c */ = {isa = PBXFileReference; fileEncoding = 4; lastKnownFileType = sourcecode.c.c; path = glad.c; sourceTree = "<group>"; };
		1370D6A523BF0DD0009038B3 /* libglfw.3.3.dylib */ = {isa = PBXFileReference; lastKnownFileType = "compiled.mach-o.dylib"; name = libglfw.3.3.dylib; path = ../graphics_project_include_lib/lib/libglfw.3.3.dylib; sourceTree = "<group>"; };
		1391196D23D40DFF00D00550 /* stb_image.cpp */ = {isa = PBXFileReference; fileEncoding = 4; lastKnownFileType = sourcecode.cpp.cpp; path = stb_image.cpp; sourceTree = "<group>"; };
		1391196E23D40DFF00D00550 /* stb_image.h */ = {isa = PBXFileReference; fileEncoding = 4; lastKnownFileType = sourcecode.c.h; path = stb_image.h; sourceTree = "<group>"; };
		1399878623F36C72000E836B /* camera.h */ = {isa = PBXFileReference; fileEncoding = 4; lastKnownFileType = sourcecode.c.h; path = camera.h; sourceTree = "<group>"; };
		1399878723F36C72000E836B /* camera.cpp */ = {isa = PBXFileReference; fileEncoding = 4; lastKnownFileType = sourcecode.cpp.cpp; path = camera.cpp; sourceTree = "<group>"; };
		13F7D0E923CE4FC4007D57F3 /* shader.h */ = {isa = PBXFileReference; fileEncoding = 4; lastKnownFileType = sourcecode.c.h; path = shader.h; sourceTree = "<group>"; };
		13F7D0EA23CE4FC4007D57F3 /* shader.cpp */ = {isa = PBXFileReference; fileEncoding = 4; lastKnownFileType = sourcecode.cpp.cpp; path = shader.cpp; sourceTree = "<group>"; };
/* End PBXFileReference section */

/* Begin PBXFrameworksBuildPhase section */
		1370D69523BF02FE009038B3 /* Frameworks */ = {
			isa = PBXFrameworksBuildPhase;
			buildActionMask = 2147483647;
			files = (
				1370D6A623BF0DD0009038B3 /* libglfw.3.3.dylib in Frameworks */,
			);
			runOnlyForDeploymentPostprocessing = 0;
		};
/* End PBXFrameworksBuildPhase section */

/* Begin PBXGroup section */
		1370D68F23BF02FE009038B3 = {
			isa = PBXGroup;
			children = (
				1370D69A23BF02FE009038B3 /* hello_window */,
				1370D69923BF02FE009038B3 /* Products */,
				1370D6A423BF0DD0009038B3 /* Frameworks */,
			);
			sourceTree = "<group>";
		};
		1370D69923BF02FE009038B3 /* Products */ = {
			isa = PBXGroup;
			children = (
				1370D69823BF02FE009038B3 /* hello_window */,
			);
			name = Products;
			sourceTree = "<group>";
		};
		1370D69A23BF02FE009038B3 /* hello_window */ = {
			isa = PBXGroup;
			children = (
				1399878723F36C72000E836B /* camera.cpp */,
				1399878623F36C72000E836B /* camera.h */,
				1391196D23D40DFF00D00550 /* stb_image.cpp */,
				1391196E23D40DFF00D00550 /* stb_image.h */,
				13F7D0EA23CE4FC4007D57F3 /* shader.cpp */,
				13F7D0E923CE4FC4007D57F3 /* shader.h */,
				1370D6A223BF088F009038B3 /* glad.c */,
				1370D69B23BF02FE009038B3 /* main.cpp */,
			);
			path = hello_window;
			sourceTree = "<group>";
		};
		1370D6A423BF0DD0009038B3 /* Frameworks */ = {
			isa = PBXGroup;
			children = (
				1370D6A523BF0DD0009038B3 /* libglfw.3.3.dylib */,
			);
			name = Frameworks;
			sourceTree = "<group>";
		};
/* End PBXGroup section */

/* Begin PBXNativeTarget section */
		1370D69723BF02FE009038B3 /* hello_window */ = {
			isa = PBXNativeTarget;
			buildConfigurationList = 1370D69F23BF02FE009038B3 /* Build configuration list for PBXNativeTarget "hello_window" */;
			buildPhases = (
				1370D69423BF02FE009038B3 /* Sources */,
				1370D69523BF02FE009038B3 /* Frameworks */,
				1370D69623BF02FE009038B3 /* CopyFiles */,
			);
			buildRules = (
			);
			dependencies = (
			);
			name = hello_window;
			productName = hello_window;
			productReference = 1370D69823BF02FE009038B3 /* hello_window */;
			productType = "com.apple.product-type.tool";
		};
/* End PBXNativeTarget section */

/* Begin PBXProject section */
		1370D69023BF02FE009038B3 /* Project object */ = {
			isa = PBXProject;
			attributes = {
				LastUpgradeCheck = 1030;
				ORGANIZATIONNAME = "Ben Pinzone";
				TargetAttributes = {
					1370D69723BF02FE009038B3 = {
						CreatedOnToolsVersion = 10.3;
					};
				};
			};
			buildConfigurationList = 1370D69323BF02FE009038B3 /* Build configuration list for PBXProject "hello_window" */;
			compatibilityVersion = "Xcode 9.3";
			developmentRegion = en;
			hasScannedForEncodings = 0;
			knownRegions = (
				en,
			);
			mainGroup = 1370D68F23BF02FE009038B3;
			productRefGroup = 1370D69923BF02FE009038B3 /* Products */;
			projectDirPath = "";
			projectRoot = "";
			targets = (
				1370D69723BF02FE009038B3 /* hello_window */,
			);
		};
/* End PBXProject section */

/* Begin PBXSourcesBuildPhase section */
		1370D69423BF02FE009038B3 /* Sources */ = {
			isa = PBXSourcesBuildPhase;
			buildActionMask = 2147483647;
			files = (
				13F7D0EB23CE4FC4007D57F3 /* shader.cpp in Sources */,
				1391196F23D40DFF00D00550 /* stb_image.cpp in Sources */,
				1370D69C23BF02FE009038B3 /* main.cpp in Sources */,
				1370D6A323BF088F009038B3 /* glad.c in Sources */,
				1399878823F36C72000E836B /* camera.cpp in Sources */,
			);
			runOnlyForDeploymentPostprocessing = 0;
		};
/* End PBXSourcesBuildPhase section */

/* Begin XCBuildConfiguration section */
		1370D69D23BF02FE009038B3 /* Debug */ = {
			isa = XCBuildConfiguration;
			buildSettings = {
				ALWAYS_SEARCH_USER_PATHS = NO;
				CLANG_ANALYZER_NONNULL = YES;
				CLANG_ANALYZER_NUMBER_OBJECT_CONVERSION = YES_AGGRESSIVE;
				CLANG_CXX_LANGUAGE_STANDARD = "gnu++14";
				CLANG_CXX_LIBRARY = "libc++";
				CLANG_ENABLE_MODULES = YES;
				CLANG_ENABLE_OBJC_ARC = YES;
				CLANG_ENABLE_OBJC_WEAK = YES;
				CLANG_WARN_BLOCK_CAPTURE_AUTORELEASING = YES;
				CLANG_WARN_BOOL_CONVERSION = YES;
				CLANG_WARN_COMMA = YES;
				CLANG_WARN_CONSTANT_CONVERSION = YES;
				CLANG_WARN_DEPRECATED_OBJC_IMPLEMENTATIONS = YES;
				CLANG_WARN_DIRECT_OBJC_ISA_USAGE = YES_ERROR;
				CLANG_WARN_DOCUMENTATION_COMMENTS = YES;
				CLANG_WARN_EMPTY_BODY = YES;
				CLANG_WARN_ENUM_CONVERSION = YES;
				CLANG_WARN_INFINITE_RECURSION = YES;
				CLANG_WARN_INT_CONVERSION = YES;
				CLANG_WARN_NON_LITERAL_NULL_CONVERSION = YES;
				CLANG_WARN_OBJC_IMPLICIT_RETAIN_SELF = YES;
				CLANG_WARN_OBJC_LITERAL_CONVERSION = YES;
				CLANG_WARN_OBJC_ROOT_CLASS = YES_ERROR;
				CLANG_WARN_RANGE_LOOP_ANALYSIS = YES;
				CLANG_WARN_STRICT_PROTOTYPES = YES;
				CLANG_WARN_SUSPICIOUS_MOVE = YES;
				CLANG_WARN_UNGUARDED_AVAILABILITY = YES_AGGRESSIVE;
				CLANG_WARN_UNREACHABLE_CODE = YES;
				CLANG_WARN__DUPLICATE_METHOD_MATCH = YES;
				CODE_SIGN_IDENTITY = "-";
				COPY_PHASE_STRIP = NO;
				DEBUG_INFORMATION_FORMAT = dwarf;
				ENABLE_STRICT_OBJC_MSGSEND = YES;
				ENABLE_TESTABILITY = YES;
				GCC_C_LANGUAGE_STANDARD = gnu11;
				GCC_DYNAMIC_NO_PIC = NO;
				GCC_NO_COMMON_BLOCKS = YES;
				GCC_OPTIMIZATION_LEVEL = 0;
				GCC_PREPROCESSOR_DEFINITIONS = (
					"DEBUG=1",
					"$(inherited)",
				);
				GCC_WARN_64_TO_32_BIT_CONVERSION = YES;
				GCC_WARN_ABOUT_RETURN_TYPE = YES_ERROR;
				GCC_WARN_UNDECLARED_SELECTOR = YES;
				GCC_WARN_UNINITIALIZED_AUTOS = YES_AGGRESSIVE;
				GCC_WARN_UNUSED_FUNCTION = YES;
				GCC_WARN_UNUSED_VARIABLE = YES;
				MACOSX_DEPLOYMENT_TARGET = 10.14;
				MTL_ENABLE_DEBUG_INFO = INCLUDE_SOURCE;
				MTL_FAST_MATH = YES;
				ONLY_ACTIVE_ARCH = YES;
				SDKROOT = macosx;
			};
			name = Debug;
		};
		1370D69E23BF02FE009038B3 /* Release */ = {
			isa = XCBuildConfiguration;
			buildSettings = {
				ALWAYS_SEARCH_USER_PATHS = NO;
				CLANG_ANALYZER_NONNULL = YES;
				CLANG_ANALYZER_NUMBER_OBJECT_CONVERSION = YES_AGGRESSIVE;
				CLANG_CXX_LANGUAGE_STANDARD = "gnu++14";
				CLANG_CXX_LIBRARY = "libc++";
				CLANG_ENABLE_MODULES = YES;
				CLANG_ENABLE_OBJC_ARC = YES;
				CLANG_ENABLE_OBJC_WEAK = YES;
				CLANG_WARN_BLOCK_CAPTURE_AUTORELEASING = YES;
				CLANG_WARN_BOOL_CONVERSION = YES;
				CLANG_WARN_COMMA = YES;
				CLANG_WARN_CONSTANT_CONVERSION = YES;
				CLANG_WARN_DEPRECATED_OBJC_IMPLEMENTATIONS = YES;
				CLANG_WARN_DIRECT_OBJC_ISA_USAGE = YES_ERROR;
				CLANG_WARN_DOCUMENTATION_COMMENTS = YES;
				CLANG_WARN_EMPTY_BODY = YES;
				CLANG_WARN_ENUM_CONVERSION = YES;
				CLANG_WARN_INFINITE_RECURSION = YES;
				CLANG_WARN_INT_CONVERSION = YES;
				CLANG_WARN_NON_LITERAL_NULL_CONVERSION = YES;
				CLANG_WARN_OBJC_IMPLICIT_RETAIN_SELF = YES;
				CLANG_WARN_OBJC_LITERAL_CONVERSION = YES;
				CLANG_WARN_OBJC_ROOT_CLASS = YES_ERROR;
				CLANG_WARN_RANGE_LOOP_ANALYSIS = YES;
				CLANG_WARN_STRICT_PROTOTYPES = YES;
				CLANG_WARN_SUSPICIOUS_MOVE = YES;
				CLANG_WARN_UNGUARDED_AVAILABILITY = YES_AGGRESSIVE;
				CLANG_WARN_UNREACHABLE_CODE = YES;
				CLANG_WARN__DUPLICATE_METHOD_MATCH = YES;
				CODE_SIGN_IDENTITY = "-";
				COPY_PHASE_STRIP = NO;
				DEBUG_INFORMATION_FORMAT = "dwarf-with-dsym";
				ENABLE_NS_ASSERTIONS = NO;
				ENABLE_STRICT_OBJC_MSGSEND = YES;
				GCC_C_LANGUAGE_STANDARD = gnu11;
				GCC_NO_COMMON_BLOCKS = YES;
				GCC_WARN_64_TO_32_BIT_CONVERSION = YES;
				GCC_WARN_ABOUT_RETURN_TYPE = YES_ERROR;
				GCC_WARN_UNDECLARED_SELECTOR = YES;
				GCC_WARN_UNINITIALIZED_AUTOS = YES_AGGRESSIVE;
				GCC_WARN_UNUSED_FUNCTION = YES;
				GCC_WARN_UNUSED_VARIABLE = YES;
				MACOSX_DEPLOYMENT_TARGET = 10.14;
				MTL_ENABLE_DEBUG_INFO = NO;
				MTL_FAST_MATH = YES;
				SDKROOT = macosx;
			};
			name = Release;
		};
		1370D6A023BF02FE009038B3 /* Debug */ = {
			isa = XCBuildConfiguration;
			buildSettings = {
				CODE_SIGN_STYLE = Automatic;
				"HEADER_SEARCH_PATHS[arch=*]" = "/Users/BenPinzone/Desktop/graphics_project_include_lib/**";
				LD_RUNPATH_SEARCH_PATHS = /Users/BenPinzone/Desktop/graphics_project_include_lib/lib;
				"LIBRARY_SEARCH_PATHS[arch=*]" = /Users/BenPinzone/Desktop/graphics_project_include_lib/lib;
				PRODUCT_NAME = "$(TARGET_NAME)";
			};
			name = Debug;
		};
		1370D6A123BF02FE009038B3 /* Release */ = {
			isa = XCBuildConfiguration;
			buildSettings = {
				CODE_SIGN_STYLE = Automatic;
				"HEADER_SEARCH_PATHS[arch=*]" = "/Users/BenPinzone/Desktop/graphics_project_include_lib/**";
				LD_RUNPATH_SEARCH_PATHS = /Users/BenPinzone/Desktop/graphics_project_include_lib/lib;
				"LIBRARY_SEARCH_PATHS[arch=*]" = /Users/BenPinzone/Desktop/graphics_project_include_lib/lib;
				PRODUCT_NAME = "$(TARGET_NAME)";
			};
			name = Release;
		};
/* End XCBuildConfiguration section */

/* Begin XCConfigurationList section */
		1370D69323BF02FE009038B3 /* Build configuration list for PBXProject "hello_window" */ = {
			isa = XCConfigurationList;
			buildConfigurations = (
				1370D69D23BF02FE009038B3 /* Debug */,
				1370D69E23BF02FE009038B3 /* Release */,
			);
			defaultConfigurationIsVisible = 0;
			defaultConfigurationName = Release;
		};
		1370D69F23BF02FE009038B3 /* Build configuration list for PBXNativeTarget "hello_window" */ = {
			isa = XCConfigurationList;
			buildConfigurations = (
				1370D6A023BF02FE009038B3 /* Debug */,
				1370D6A123BF02FE009038B3 /* Release */,
			);
			defaultConfigurationIsVisible = 0;
			defaultConfigurationName = Release;
		};
/* End XCConfigurationList section */
	};
	rootObject = 1370D69023BF02FE009038B3 /* Project object */;
}
