<?xml version="1.0" encoding="utf-8"?>
<Project ToolsVersion="4.0" xmlns="http://schemas.microsoft.com/developer/msbuild/2003">
  <ItemGroup>
    <Filter Include="Source Files">
      <UniqueIdentifier>{4FC737F1-C7A5-4376-A066-2A32D752A2FF}</UniqueIdentifier>
      <Extensions>cpp;c;cc;cxx;c++;def;odl;idl;hpj;bat;asm;asmx</Extensions>
    </Filter>
    <Filter Include="Header Files">
      <UniqueIdentifier>{93995380-89BD-4b04-88EB-625FBE52EBFB}</UniqueIdentifier>
      <Extensions>h;hh;hpp;hxx;h++;hm;inl;inc;ipp;xsd</Extensions>
    </Filter>
    <Filter Include="Resource Files">
      <UniqueIdentifier>{67DA6AB6-F800-4c08-8B7A-83BB121AAD01}</UniqueIdentifier>
      <Extensions>rc;ico;cur;bmp;dlg;rc2;rct;bin;rgs;gif;jpg;jpeg;jpe;resx;tiff;tif;png;wav;mfcribbon-ms</Extensions>
    </Filter>
  </ItemGroup>
  <ItemGroup>
    <ClCompile Include="learn_open_gl\components\circular_path.cpp">
      <Filter>Source Files</Filter>
    </ClCompile>
    <ClCompile Include="learn_open_gl\components\component.cpp">
      <Filter>Source Files</Filter>
    </ClCompile>
    <ClCompile Include="learn_open_gl\components\connector.cpp">
      <Filter>Source Files</Filter>
    </ClCompile>
    <ClCompile Include="learn_open_gl\components\instances_renderer.cpp">
      <Filter>Source Files</Filter>
    </ClCompile>
    <ClCompile Include="learn_open_gl\components\model_renderer.cpp">
      <Filter>Source Files</Filter>
    </ClCompile>
    <ClCompile Include="learn_open_gl\components\mst.cpp">
      <Filter>Source Files</Filter>
    </ClCompile>
    <ClCompile Include="learn_open_gl\components\outline_model_renderer.cpp">
      <Filter>Source Files</Filter>
    </ClCompile>
    <ClCompile Include="learn_open_gl\components\transform.cpp">
      <Filter>Source Files</Filter>
    </ClCompile>
    <ClCompile Include="learn_open_gl\components\vis_normal_renderer.cpp">
      <Filter>Source Files</Filter>
    </ClCompile>
    <ClCompile Include="learn_open_gl\glad.c">
      <Filter>Source Files</Filter>
    </ClCompile>
    <ClCompile Include="learn_open_gl\camera.cpp">
      <Filter>Source Files</Filter>
    </ClCompile>
    <ClCompile Include="learn_open_gl\game_object.cpp">
      <Filter>Source Files</Filter>
    </ClCompile>
    <ClCompile Include="learn_open_gl\main.cpp">
      <Filter>Source Files</Filter>
    </ClCompile>
    <ClCompile Include="learn_open_gl\manual_meshes.cpp">
      <Filter>Source Files</Filter>
    </ClCompile>
    <ClCompile Include="learn_open_gl\material.cpp">
      <Filter>Source Files</Filter>
    </ClCompile>
    <ClCompile Include="learn_open_gl\mesh.cpp">
      <Filter>Source Files</Filter>
    </ClCompile>
    <ClCompile Include="learn_open_gl\model.cpp">
      <Filter>Source Files</Filter>
    </ClCompile>
    <ClCompile Include="learn_open_gl\shader.cpp">
      <Filter>Source Files</Filter>
    </ClCompile>
    <ClCompile Include="learn_open_gl\shader_globals.cpp">
      <Filter>Source Files</Filter>
    </ClCompile>
    <ClCompile Include="learn_open_gl\stb_image.cpp">
      <Filter>Source Files</Filter>
    </ClCompile>
    <ClCompile Include="learn_open_gl\texture.cpp">
      <Filter>Source Files</Filter>
    </ClCompile>
    <ClCompile Include="learn_open_gl\utility.cpp">
      <Filter>Source Files</Filter>
    </ClCompile>
    <ClCompile Include="learn_open_gl\vertex.cpp">
      <Filter>Source Files</Filter>
    </ClCompile>
    <ClCompile Include="learn_open_gl\hierarchy.cpp">
      <Filter>Source Files</Filter>
    </ClCompile>
    <ClCompile Include="learn_open_gl\scene_generation.cpp">
      <Filter>Source Files</Filter>
    </ClCompile>
    <ClCompile Include="learn_open_gl\components\render_component.cpp">
      <Filter>Source Files</Filter>
    </ClCompile>
    <ClCompile Include="learn_open_gl\components\lights\dir_light.cpp">
      <Filter>Source Files</Filter>
    </ClCompile>
    <ClCompile Include="learn_open_gl\components\lights\light.cpp">
      <Filter>Source Files</Filter>
    </ClCompile>
    <ClCompile Include="learn_open_gl\components\lights\point_light.cpp">
      <Filter>Source Files</Filter>
    </ClCompile>
    <ClCompile Include="learn_open_gl\geom_pass.cpp">
      <Filter>Source Files</Filter>
    </ClCompile>
    <ClCompile Include="learn_open_gl\quad_post_processor.cpp">
      <Filter>Source Files</Filter>
    </ClCompile>
    <ClCompile Include="learn_open_gl\shared_shaders.cpp">
      <Filter>Source Files</Filter>
    </ClCompile>
  </ItemGroup>
  <ItemGroup>
    <ClInclude Include="learn_open_gl\components\circular_path.h">
      <Filter>Header Files</Filter>
    </ClInclude>
    <ClInclude Include="learn_open_gl\components\component.h">
      <Filter>Header Files</Filter>
    </ClInclude>
    <ClInclude Include="learn_open_gl\components\connector.h">
      <Filter>Header Files</Filter>
    </ClInclude>
    <ClInclude Include="learn_open_gl\components\instances_renderer.h">
      <Filter>Header Files</Filter>
    </ClInclude>
    <ClInclude Include="learn_open_gl\components\model_renderer.h">
      <Filter>Header Files</Filter>
    </ClInclude>
    <ClInclude Include="learn_open_gl\components\mst.h">
      <Filter>Header Files</Filter>
    </ClInclude>
    <ClInclude Include="learn_open_gl\components\outline_model_renderer.h">
      <Filter>Header Files</Filter>
    </ClInclude>
    <ClInclude Include="learn_open_gl\components\transform.h">
      <Filter>Header Files</Filter>
    </ClInclude>
    <ClInclude Include="learn_open_gl\components\vis_normal_renderer.h">
      <Filter>Header Files</Filter>
    </ClInclude>
    <ClInclude Include="learn_open_gl\camera.h">
      <Filter>Header Files</Filter>
    </ClInclude>
    <ClInclude Include="learn_open_gl\game_object.h">
      <Filter>Header Files</Filter>
    </ClInclude>
    <ClInclude Include="learn_open_gl\manual_meshes.h">
      <Filter>Header Files</Filter>
    </ClInclude>
    <ClInclude Include="learn_open_gl\material.h">
      <Filter>Header Files</Filter>
    </ClInclude>
    <ClInclude Include="learn_open_gl\mesh.h">
      <Filter>Header Files</Filter>
    </ClInclude>
    <ClInclude Include="learn_open_gl\model.h">
      <Filter>Header Files</Filter>
    </ClInclude>
    <ClInclude Include="learn_open_gl\shader.h">
      <Filter>Header Files</Filter>
    </ClInclude>
    <ClInclude Include="learn_open_gl\shader_globals.h">
      <Filter>Header Files</Filter>
    </ClInclude>
    <ClInclude Include="learn_open_gl\stb_image.h">
      <Filter>Header Files</Filter>
    </ClInclude>
    <ClInclude Include="learn_open_gl\texture.h">
      <Filter>Header Files</Filter>
    </ClInclude>
    <ClInclude Include="learn_open_gl\utility.h">
      <Filter>Header Files</Filter>
    </ClInclude>
    <ClInclude Include="learn_open_gl\vertex.h">
      <Filter>Header Files</Filter>
    </ClInclude>
    <ClInclude Include="learn_open_gl\hierarchy.h">
      <Filter>Header Files</Filter>
    </ClInclude>
    <ClInclude Include="learn_open_gl\scene_generation.h">
      <Filter>Header Files</Filter>
    </ClInclude>
    <ClInclude Include="learn_open_gl\components\render_component.h">
      <Filter>Header Files</Filter>
    </ClInclude>
    <ClInclude Include="learn_open_gl\components\lights\dir_light.h">
      <Filter>Header Files</Filter>
    </ClInclude>
    <ClInclude Include="learn_open_gl\components\lights\light.h">
      <Filter>Header Files</Filter>
    </ClInclude>
    <ClInclude Include="learn_open_gl\components\lights\point_light.h">
      <Filter>Header Files</Filter>
    </ClInclude>
    <ClInclude Include="learn_open_gl\geom_pass.h">
      <Filter>Header Files</Filter>
    </ClInclude>
    <ClInclude Include="learn_open_gl\quad_post_processor.h">
      <Filter>Header Files</Filter>
    </ClInclude>
    <ClInclude Include="learn_open_gl\shared_shaders.h">
      <Filter>Header Files</Filter>
    </ClInclude>
  </ItemGroup>
</Project>